
Microsoft Visual Studio Solution File, Format Version 12.00
# Visual Studio Version 17
VisualStudioVersion = 17.9.34902.65
MinimumVisualStudioVersion = 10.0.40219.1
Project("{FAE04EC0-301F-11D3-BF4B-00C04F79EFBC}") = "Gym.Domain", "Gym.Domain\Gym.Domain.csproj", "{21612C43-4AEE-4F45-87D9-DCADFF1BB0A5}"
EndProject
Project("{FAE04EC0-301F-11D3-BF4B-00C04F79EFBC}") = "Gym.DataAccess", "Gym.DataAccess\Gym.DataAccess.csproj", "{21D8C59C-5606-498E-BB7A-1771BAB75FA6}"
EndProject
Project("{FAE04EC0-301F-11D3-BF4B-00C04F79EFBC}") = "Gym.Application", "Gym.Application\Gym.Application.csproj", "{FD5FE707-D7AD-45CB-A211-88219C753DCC}"
EndProject
Project("{FAE04EC0-301F-11D3-BF4B-00C04F79EFBC}") = "Gym.Implementation", "Gym.Implementation\Gym.Implementation.csproj", "{2BA04645-7BED-4A0F-AFC6-C2D0386E7F89}"
EndProject
Project("{FAE04EC0-301F-11D3-BF4B-00C04F79EFBC}") = "Gym.API", "Gym.API\Gym.API.csproj", "{7F561B1D-800C-4E61-A535-EF4F941F2069}"
EndProject
Global
	GlobalSection(SolutionConfigurationPlatforms) = preSolution
		Debug|Any CPU = Debug|Any CPU
		Release|Any CPU = Release|Any CPU
	EndGlobalSection
	GlobalSection(ProjectConfigurationPlatforms) = postSolution
		{21612C43-4AEE-4F45-87D9-DCADFF1BB0A5}.Debug|Any CPU.ActiveCfg = Debug|Any CPU
		{21612C43-4AEE-4F45-87D9-DCADFF1BB0A5}.Debug|Any CPU.Build.0 = Debug|Any CPU
		{21612C43-4AEE-4F45-87D9-DCADFF1BB0A5}.Release|Any CPU.ActiveCfg = Release|Any CPU
		{21612C43-4AEE-4F45-87D9-DCADFF1BB0A5}.Release|Any CPU.Build.0 = Release|Any CPU
		{21D8C59C-5606-498E-BB7A-1771BAB75FA6}.Debug|Any CPU.ActiveCfg = Debug|Any CPU
		{21D8C59C-5606-498E-BB7A-1771BAB75FA6}.Debug|Any CPU.Build.0 = Debug|Any CPU
		{21D8C59C-5606-498E-BB7A-1771BAB75FA6}.Release|Any CPU.ActiveCfg = Release|Any CPU
		{21D8C59C-5606-498E-BB7A-1771BAB75FA6}.Release|Any CPU.Build.0 = Release|Any CPU
		{FD5FE707-D7AD-45CB-A211-88219C753DCC}.Debug|Any CPU.ActiveCfg = Debug|Any CPU
		{FD5FE707-D7AD-45CB-A211-88219C753DCC}.Debug|Any CPU.Build.0 = Debug|Any CPU
		{FD5FE707-D7AD-45CB-A211-88219C753DCC}.Release|Any CPU.ActiveCfg = Release|Any CPU
		{FD5FE707-D7AD-45CB-A211-88219C753DCC}.Release|Any CPU.Build.0 = Release|Any CPU
		{2BA04645-7BED-4A0F-AFC6-C2D0386E7F89}.Debug|Any CPU.ActiveCfg = Debug|Any CPU
		{2BA04645-7BED-4A0F-AFC6-C2D0386E7F89}.Debug|Any CPU.Build.0 = Debug|Any CPU
		{2BA04645-7BED-4A0F-AFC6-C2D0386E7F89}.Release|Any CPU.ActiveCfg = Release|Any CPU
		{2BA04645-7BED-4A0F-AFC6-C2D0386E7F89}.Release|Any CPU.Build.0 = Release|Any CPU
		{7F561B1D-800C-4E61-A535-EF4F941F2069}.Debug|Any CPU.ActiveCfg = Debug|Any CPU
		{7F561B1D-800C-4E61-A535-EF4F941F2069}.Debug|Any CPU.Build.0 = Debug|Any CPU
		{7F561B1D-800C-4E61-A535-EF4F941F2069}.Release|Any CPU.ActiveCfg = Release|Any CPU
		{7F561B1D-800C-4E61-A535-EF4F941F2069}.Release|Any CPU.Build.0 = Release|Any CPU
	EndGlobalSection
	GlobalSection(SolutionProperties) = preSolution
		HideSolutionNode = FALSE
	EndGlobalSection
	GlobalSection(ExtensibilityGlobals) = postSolution
		SolutionGuid = {DF6DF5DA-3F1F-4CFA-B5A7-258E6B0FDB7A}
	EndGlobalSection
EndGlobal
